
Microsoft Visual Studio Solution File, Format Version 12.00
# Visual Studio Version 17
VisualStudioVersion = 17.3.32825.248
MinimumVisualStudioVersion = 10.0.40219.1
Project("{FAE04EC0-301F-11D3-BF4B-00C04F79EFBC}") = "AutoPricing", "AutoPricing\AutoPricing.csproj", "{0EBD229C-0FCF-472A-9008-0E4BD2661665}"
EndProject
Global
	GlobalSection(SolutionConfigurationPlatforms) = preSolution
		Debug|Any CPU = Debug|Any CPU
		Release|Any CPU = Release|Any CPU
	EndGlobalSection
	GlobalSection(ProjectConfigurationPlatforms) = postSolution
		{0EBD229C-0FCF-472A-9008-0E4BD2661665}.Debug|Any CPU.ActiveCfg = Debug|Any CPU
		{0EBD229C-0FCF-472A-9008-0E4BD2661665}.Debug|Any CPU.Build.0 = Debug|Any CPU
		{0EBD229C-0FCF-472A-9008-0E4BD2661665}.Release|Any CPU.ActiveCfg = Release|Any CPU
		{0EBD229C-0FCF-472A-9008-0E4BD2661665}.Release|Any CPU.Build.0 = Release|Any CPU
	EndGlobalSection
	GlobalSection(SolutionProperties) = preSolution
		HideSolutionNode = FALSE
	EndGlobalSection
	GlobalSection(ExtensibilityGlobals) = postSolution
		SolutionGuid = {178EA394-E4E7-4789-8297-21A89FD6B3BC}
	EndGlobalSection
EndGlobal
